// !$*UTF8*$!
{
	archiveVersion = 1;
	classes = {
	};
	objectVersion = 46;
	objects = {

/* Begin PBXBuildFile section */
		0E0EBC10181BC86A000FA42A /* GcovTestObserver.m in Sources */ = {isa = PBXBuildFile; fileRef = 0E0EBC0F181BC86A000FA42A /* GcovTestObserver.m */; };
		0E18C1491811410A00E0DC5E /* OpenWeatherAPIManagerTests.m in Sources */ = {isa = PBXBuildFile; fileRef = 0E18C1481811410A00E0DC5E /* OpenWeatherAPIManagerTests.m */; };
		0E18C14C181141FD00E0DC5E /* OpenWeatherAPIManager.m in Sources */ = {isa = PBXBuildFile; fileRef = 0E18C14B181141FD00E0DC5E /* OpenWeatherAPIManager.m */; };
		0E456A6F181BF0FB009BA645 /* libOCMock.a in Frameworks */ = {isa = PBXBuildFile; fileRef = 0E456A6E181BF0FB009BA645 /* libOCMock.a */; };
		0E7D77101812AF4C0081474A /* InspectableOpenWeatherAPIManager.m in Sources */ = {isa = PBXBuildFile; fileRef = 0E7D770F1812AF4C0081474A /* InspectableOpenWeatherAPIManager.m */; };
		0EB3BDBD181902F400E59009 /* JMRMockAlertView.m in Sources */ = {isa = PBXBuildFile; fileRef = 0EB3BDB9181902F400E59009 /* JMRMockAlertView.m */; };
		0EB3BDBE181902F400E59009 /* JMRMockAlertViewVerifier.m in Sources */ = {isa = PBXBuildFile; fileRef = 0EB3BDBB181902F400E59009 /* JMRMockAlertViewVerifier.m */; };
		0EB3BDBF181902F400E59009 /* LICENSE.txt in Resources */ = {isa = PBXBuildFile; fileRef = 0EB3BDBC181902F400E59009 /* LICENSE.txt */; };
		0EC170D3180F534C007F501B /* Foundation.framework in Frameworks */ = {isa = PBXBuildFile; fileRef = 0EC170D2180F534C007F501B /* Foundation.framework */; };
		0EC170D5180F534C007F501B /* CoreGraphics.framework in Frameworks */ = {isa = PBXBuildFile; fileRef = 0EC170D4180F534C007F501B /* CoreGraphics.framework */; };
		0EC170D7180F534C007F501B /* UIKit.framework in Frameworks */ = {isa = PBXBuildFile; fileRef = 0EC170D6180F534C007F501B /* UIKit.framework */; };
		0EC170DD180F534C007F501B /* InfoPlist.strings in Resources */ = {isa = PBXBuildFile; fileRef = 0EC170DB180F534C007F501B /* InfoPlist.strings */; };
		0EC170DF180F534C007F501B /* main.m in Sources */ = {isa = PBXBuildFile; fileRef = 0EC170DE180F534C007F501B /* main.m */; };
		0EC170E3180F534C007F501B /* AppDelegate.m in Sources */ = {isa = PBXBuildFile; fileRef = 0EC170E2180F534C007F501B /* AppDelegate.m */; };
		0EC170E6180F534C007F501B /* Main_iPhone.storyboard in Resources */ = {isa = PBXBuildFile; fileRef = 0EC170E4180F534C007F501B /* Main_iPhone.storyboard */; };
		0EC170E9180F534C007F501B /* Main_iPad.storyboard in Resources */ = {isa = PBXBuildFile; fileRef = 0EC170E7180F534C007F501B /* Main_iPad.storyboard */; };
		0EC170EC180F534D007F501B /* ViewController.m in Sources */ = {isa = PBXBuildFile; fileRef = 0EC170EB180F534D007F501B /* ViewController.m */; };
		0EC170EE180F534D007F501B /* Images.xcassets in Resources */ = {isa = PBXBuildFile; fileRef = 0EC170ED180F534D007F501B /* Images.xcassets */; };
		0EC170F5180F534D007F501B /* XCTest.framework in Frameworks */ = {isa = PBXBuildFile; fileRef = 0EC170F4180F534D007F501B /* XCTest.framework */; };
		0EC170F6180F534D007F501B /* Foundation.framework in Frameworks */ = {isa = PBXBuildFile; fileRef = 0EC170D2180F534C007F501B /* Foundation.framework */; };
		0EC170F7180F534D007F501B /* UIKit.framework in Frameworks */ = {isa = PBXBuildFile; fileRef = 0EC170D6180F534C007F501B /* UIKit.framework */; };
		0EC170FF180F534D007F501B /* InfoPlist.strings in Resources */ = {isa = PBXBuildFile; fileRef = 0EC170FD180F534D007F501B /* InfoPlist.strings */; };
		0EC17101180F534D007F501B /* ViewControllerTests.m in Sources */ = {isa = PBXBuildFile; fileRef = 0EC17100180F534D007F501B /* ViewControllerTests.m */; };
		0EC4E47418169644002A446B /* WeatherDescriptionBuilder.m in Sources */ = {isa = PBXBuildFile; fileRef = 0EC4E47318169644002A446B /* WeatherDescriptionBuilder.m */; };
		0EC4E47518169644002A446B /* WeatherDescriptionBuilder.m in Sources */ = {isa = PBXBuildFile; fileRef = 0EC4E47318169644002A446B /* WeatherDescriptionBuilder.m */; };
		0EC4E4771816A936002A446B /* WeatherDescriptionBuilderTests.m in Sources */ = {isa = PBXBuildFile; fileRef = 0EC4E4761816A936002A446B /* WeatherDescriptionBuilderTests.m */; };
		0ED9CC201813E9DA007F2ABD /* WeatherModelStubs.m in Sources */ = {isa = PBXBuildFile; fileRef = 0ED9CC1F1813E9DA007F2ABD /* WeatherModelStubs.m */; };
		0EEBAA331810115F0034A739 /* WeatherModel.m in Sources */ = {isa = PBXBuildFile; fileRef = 0EEBAA321810115F0034A739 /* WeatherModel.m */; };
		0EEBAA341810115F0034A739 /* WeatherModel.m in Sources */ = {isa = PBXBuildFile; fileRef = 0EEBAA321810115F0034A739 /* WeatherModel.m */; };
		0EEBAA36181011750034A739 /* WeatherModelTests.m in Sources */ = {isa = PBXBuildFile; fileRef = 0EEBAA35181011750034A739 /* WeatherModelTests.m */; };
		0EEBAA38181031BC0034A739 /* CoreLocation.framework in Frameworks */ = {isa = PBXBuildFile; fileRef = 0EEBAA37181031BC0034A739 /* CoreLocation.framework */; };
/* End PBXBuildFile section */

/* Begin PBXContainerItemProxy section */
		0EC170F8180F534D007F501B /* PBXContainerItemProxy */ = {
			isa = PBXContainerItemProxy;
			containerPortal = 0EC170C7180F534C007F501B /* Project object */;
			proxyType = 1;
			remoteGlobalIDString = 0EC170CE180F534C007F501B;
			remoteInfo = Weathr;
		};
/* End PBXContainerItemProxy section */

/* Begin PBXFileReference section */
		0E0EBC0F181BC86A000FA42A /* GcovTestObserver.m */ = {isa = PBXFileReference; fileEncoding = 4; lastKnownFileType = sourcecode.c.objc; path = GcovTestObserver.m; sourceTree = "<group>"; };
		0E0EBC11181BCA29000FA42A /* Debug.xcconfig */ = {isa = PBXFileReference; lastKnownFileType = text.xcconfig; path = Debug.xcconfig; sourceTree = "<group>"; };
		0E18C1481811410A00E0DC5E /* OpenWeatherAPIManagerTests.m */ = {isa = PBXFileReference; fileEncoding = 4; lastKnownFileType = sourcecode.c.objc; path = OpenWeatherAPIManagerTests.m; sourceTree = "<group>"; };
		0E18C14A181141FD00E0DC5E /* OpenWeatherAPIManager.h */ = {isa = PBXFileReference; fileEncoding = 4; lastKnownFileType = sourcecode.c.h; path = OpenWeatherAPIManager.h; sourceTree = "<group>"; };
		0E18C14B181141FD00E0DC5E /* OpenWeatherAPIManager.m */ = {isa = PBXFileReference; fileEncoding = 4; lastKnownFileType = sourcecode.c.objc; path = OpenWeatherAPIManager.m; sourceTree = "<group>"; };
		0E456A6E181BF0FB009BA645 /* libOCMock.a */ = {isa = PBXFileReference; lastKnownFileType = archive.ar; path = libOCMock.a; sourceTree = "<group>"; };
		0E7D770E1812AF4C0081474A /* InspectableOpenWeatherAPIManager.h */ = {isa = PBXFileReference; fileEncoding = 4; lastKnownFileType = sourcecode.c.h; path = InspectableOpenWeatherAPIManager.h; sourceTree = "<group>"; };
		0E7D770F1812AF4C0081474A /* InspectableOpenWeatherAPIManager.m */ = {isa = PBXFileReference; fileEncoding = 4; lastKnownFileType = sourcecode.c.objc; path = InspectableOpenWeatherAPIManager.m; sourceTree = "<group>"; };
		0EAB68AB1815EC130042B7F6 /* OpenWeatherAPIManager+PrivateMethods.h */ = {isa = PBXFileReference; fileEncoding = 4; lastKnownFileType = sourcecode.c.h; path = "OpenWeatherAPIManager+PrivateMethods.h"; sourceTree = "<group>"; };
		0EAB68B11815F2130042B7F6 /* WeatherModel+PrivateMethods.h */ = {isa = PBXFileReference; fileEncoding = 4; lastKnownFileType = sourcecode.c.h; path = "WeatherModel+PrivateMethods.h"; sourceTree = "<group>"; };
		0EB3BDB8181902F400E59009 /* JMRMockAlertView.h */ = {isa = PBXFileReference; fileEncoding = 4; lastKnownFileType = sourcecode.c.h; path = JMRMockAlertView.h; sourceTree = "<group>"; };
		0EB3BDB9181902F400E59009 /* JMRMockAlertView.m */ = {isa = PBXFileReference; fileEncoding = 4; lastKnownFileType = sourcecode.c.objc; path = JMRMockAlertView.m; sourceTree = "<group>"; };
		0EB3BDBA181902F400E59009 /* JMRMockAlertViewVerifier.h */ = {isa = PBXFileReference; fileEncoding = 4; lastKnownFileType = sourcecode.c.h; path = JMRMockAlertViewVerifier.h; sourceTree = "<group>"; };
		0EB3BDBB181902F400E59009 /* JMRMockAlertViewVerifier.m */ = {isa = PBXFileReference; fileEncoding = 4; lastKnownFileType = sourcecode.c.objc; path = JMRMockAlertViewVerifier.m; sourceTree = "<group>"; };
		0EB3BDBC181902F400E59009 /* LICENSE.txt */ = {isa = PBXFileReference; fileEncoding = 4; lastKnownFileType = text; path = LICENSE.txt; sourceTree = "<group>"; };
		0EC170CF180F534C007F501B /* Weathr.app */ = {isa = PBXFileReference; explicitFileType = wrapper.application; includeInIndex = 0; path = Weathr.app; sourceTree = BUILT_PRODUCTS_DIR; };
		0EC170D2180F534C007F501B /* Foundation.framework */ = {isa = PBXFileReference; lastKnownFileType = wrapper.framework; name = Foundation.framework; path = System/Library/Frameworks/Foundation.framework; sourceTree = SDKROOT; };
		0EC170D4180F534C007F501B /* CoreGraphics.framework */ = {isa = PBXFileReference; lastKnownFileType = wrapper.framework; name = CoreGraphics.framework; path = System/Library/Frameworks/CoreGraphics.framework; sourceTree = SDKROOT; };
		0EC170D6180F534C007F501B /* UIKit.framework */ = {isa = PBXFileReference; lastKnownFileType = wrapper.framework; name = UIKit.framework; path = System/Library/Frameworks/UIKit.framework; sourceTree = SDKROOT; };
		0EC170DA180F534C007F501B /* Weathr-Info.plist */ = {isa = PBXFileReference; lastKnownFileType = text.plist.xml; path = "Weathr-Info.plist"; sourceTree = "<group>"; };
		0EC170DC180F534C007F501B /* en */ = {isa = PBXFileReference; lastKnownFileType = text.plist.strings; name = en; path = en.lproj/InfoPlist.strings; sourceTree = "<group>"; };
		0EC170DE180F534C007F501B /* main.m */ = {isa = PBXFileReference; lastKnownFileType = sourcecode.c.objc; path = main.m; sourceTree = "<group>"; };
		0EC170E0180F534C007F501B /* Weathr-Prefix.pch */ = {isa = PBXFileReference; lastKnownFileType = sourcecode.c.h; path = "Weathr-Prefix.pch"; sourceTree = "<group>"; };
		0EC170E1180F534C007F501B /* AppDelegate.h */ = {isa = PBXFileReference; lastKnownFileType = sourcecode.c.h; path = AppDelegate.h; sourceTree = "<group>"; };
		0EC170E2180F534C007F501B /* AppDelegate.m */ = {isa = PBXFileReference; lastKnownFileType = sourcecode.c.objc; path = AppDelegate.m; sourceTree = "<group>"; };
		0EC170E5180F534C007F501B /* Base */ = {isa = PBXFileReference; lastKnownFileType = file.storyboard; name = Base; path = Base.lproj/Main_iPhone.storyboard; sourceTree = "<group>"; };
		0EC170E8180F534C007F501B /* Base */ = {isa = PBXFileReference; lastKnownFileType = file.storyboard; name = Base; path = Base.lproj/Main_iPad.storyboard; sourceTree = "<group>"; };
		0EC170EA180F534C007F501B /* ViewController.h */ = {isa = PBXFileReference; lastKnownFileType = sourcecode.c.h; path = ViewController.h; sourceTree = "<group>"; };
		0EC170EB180F534D007F501B /* ViewController.m */ = {isa = PBXFileReference; lastKnownFileType = sourcecode.c.objc; path = ViewController.m; sourceTree = "<group>"; };
		0EC170ED180F534D007F501B /* Images.xcassets */ = {isa = PBXFileReference; lastKnownFileType = folder.assetcatalog; path = Images.xcassets; sourceTree = "<group>"; };
		0EC170F3180F534D007F501B /* WeathrTests.xctest */ = {isa = PBXFileReference; explicitFileType = wrapper.cfbundle; includeInIndex = 0; path = WeathrTests.xctest; sourceTree = BUILT_PRODUCTS_DIR; };
		0EC170F4180F534D007F501B /* XCTest.framework */ = {isa = PBXFileReference; lastKnownFileType = wrapper.framework; name = XCTest.framework; path = Library/Frameworks/XCTest.framework; sourceTree = DEVELOPER_DIR; };
		0EC170FC180F534D007F501B /* WeathrTests-Info.plist */ = {isa = PBXFileReference; lastKnownFileType = text.plist.xml; path = "WeathrTests-Info.plist"; sourceTree = "<group>"; };
		0EC170FE180F534D007F501B /* en */ = {isa = PBXFileReference; lastKnownFileType = text.plist.strings; name = en; path = en.lproj/InfoPlist.strings; sourceTree = "<group>"; };
		0EC17100180F534D007F501B /* ViewControllerTests.m */ = {isa = PBXFileReference; lastKnownFileType = sourcecode.c.objc; path = ViewControllerTests.m; sourceTree = "<group>"; };
		0EC4E47218169644002A446B /* WeatherDescriptionBuilder.h */ = {isa = PBXFileReference; fileEncoding = 4; lastKnownFileType = sourcecode.c.h; path = WeatherDescriptionBuilder.h; sourceTree = "<group>"; };
		0EC4E47318169644002A446B /* WeatherDescriptionBuilder.m */ = {isa = PBXFileReference; fileEncoding = 4; lastKnownFileType = sourcecode.c.objc; path = WeatherDescriptionBuilder.m; sourceTree = "<group>"; };
		0EC4E4761816A936002A446B /* WeatherDescriptionBuilderTests.m */ = {isa = PBXFileReference; fileEncoding = 4; lastKnownFileType = sourcecode.c.objc; path = WeatherDescriptionBuilderTests.m; sourceTree = "<group>"; };
		0EC4E4781816AE8D002A446B /* WeatherDescriptionBuilder+PrivateMethods.h */ = {isa = PBXFileReference; fileEncoding = 4; lastKnownFileType = sourcecode.c.h; path = "WeatherDescriptionBuilder+PrivateMethods.h"; sourceTree = "<group>"; };
		0ED9CC1E1813E9DA007F2ABD /* WeatherModelStubs.h */ = {isa = PBXFileReference; fileEncoding = 4; lastKnownFileType = sourcecode.c.h; path = WeatherModelStubs.h; sourceTree = "<group>"; };
		0ED9CC1F1813E9DA007F2ABD /* WeatherModelStubs.m */ = {isa = PBXFileReference; fileEncoding = 4; lastKnownFileType = sourcecode.c.objc; path = WeatherModelStubs.m; sourceTree = "<group>"; };
		0EEBAA2D181007D60034A739 /* ViewController+PrivateMethods.h */ = {isa = PBXFileReference; fileEncoding = 4; lastKnownFileType = sourcecode.c.h; path = "ViewController+PrivateMethods.h"; sourceTree = "<group>"; };
		0EEBAA311810115F0034A739 /* WeatherModel.h */ = {isa = PBXFileReference; fileEncoding = 4; lastKnownFileType = sourcecode.c.h; path = WeatherModel.h; sourceTree = "<group>"; };
		0EEBAA321810115F0034A739 /* WeatherModel.m */ = {isa = PBXFileReference; fileEncoding = 4; lastKnownFileType = sourcecode.c.objc; path = WeatherModel.m; sourceTree = "<group>"; };
		0EEBAA35181011750034A739 /* WeatherModelTests.m */ = {isa = PBXFileReference; fileEncoding = 4; lastKnownFileType = sourcecode.c.objc; path = WeatherModelTests.m; sourceTree = "<group>"; };
		0EEBAA37181031BC0034A739 /* CoreLocation.framework */ = {isa = PBXFileReference; lastKnownFileType = wrapper.framework; name = CoreLocation.framework; path = System/Library/Frameworks/CoreLocation.framework; sourceTree = SDKROOT; };
/* End PBXFileReference section */

/* Begin PBXFrameworksBuildPhase section */
		0EC170CC180F534C007F501B /* Frameworks */ = {
			isa = PBXFrameworksBuildPhase;
			buildActionMask = 2147483647;
			files = (
				0EEBAA38181031BC0034A739 /* CoreLocation.framework in Frameworks */,
				0EC170D5180F534C007F501B /* CoreGraphics.framework in Frameworks */,
				0EC170D7180F534C007F501B /* UIKit.framework in Frameworks */,
				0EC170D3180F534C007F501B /* Foundation.framework in Frameworks */,
			);
			runOnlyForDeploymentPostprocessing = 0;
		};
		0EC170F0180F534D007F501B /* Frameworks */ = {
			isa = PBXFrameworksBuildPhase;
			buildActionMask = 2147483647;
			files = (
				0EC170F5180F534D007F501B /* XCTest.framework in Frameworks */,
				0E456A6F181BF0FB009BA645 /* libOCMock.a in Frameworks */,
				0EC170F7180F534D007F501B /* UIKit.framework in Frameworks */,
				0EC170F6180F534D007F501B /* Foundation.framework in Frameworks */,
			);
			runOnlyForDeploymentPostprocessing = 0;
		};
/* End PBXFrameworksBuildPhase section */

/* Begin PBXGroup section */
		0E456A6D181BF0FB009BA645 /* Libraries */ = {
			isa = PBXGroup;
			children = (
				0E456A6E181BF0FB009BA645 /* libOCMock.a */,
			);
			name = Libraries;
			path = usr/lib;
			sourceTree = "<group>";
		};
		0EAB68AE1815EC960042B7F6 /* Inspectable Subclasses */ = {
			isa = PBXGroup;
			children = (
				0E7D770E1812AF4C0081474A /* InspectableOpenWeatherAPIManager.h */,
				0E7D770F1812AF4C0081474A /* InspectableOpenWeatherAPIManager.m */,
			);
			name = "Inspectable Subclasses";
			sourceTree = "<group>";
		};
		0EB3BDB7181902F400E59009 /* JMRMockAlertView */ = {
			isa = PBXGroup;
			children = (
				0EB3BDB8181902F400E59009 /* JMRMockAlertView.h */,
				0EB3BDB9181902F400E59009 /* JMRMockAlertView.m */,
				0EB3BDBA181902F400E59009 /* JMRMockAlertViewVerifier.h */,
				0EB3BDBB181902F400E59009 /* JMRMockAlertViewVerifier.m */,
				0EB3BDBC181902F400E59009 /* LICENSE.txt */,
			);
			path = JMRMockAlertView;
			sourceTree = "<group>";
		};
		0EB3BDC01819030400E59009 /* Mocks */ = {
			isa = PBXGroup;
			children = (
				0EB3BDB7181902F400E59009 /* JMRMockAlertView */,
			);
			name = Mocks;
			sourceTree = "<group>";
		};
		0EB3BDC118194C6500E59009 /* Models */ = {
			isa = PBXGroup;
			children = (
				0EEBAA311810115F0034A739 /* WeatherModel.h */,
				0EEBAA321810115F0034A739 /* WeatherModel.m */,
				0EC4E47218169644002A446B /* WeatherDescriptionBuilder.h */,
				0EC4E47318169644002A446B /* WeatherDescriptionBuilder.m */,
			);
			name = Models;
			sourceTree = "<group>";
		};
		0EB3BDC218194C8300E59009 /* Views */ = {
			isa = PBXGroup;
			children = (
				0EC170E4180F534C007F501B /* Main_iPhone.storyboard */,
				0EC170E7180F534C007F501B /* Main_iPad.storyboard */,
			);
			name = Views;
			sourceTree = "<group>";
		};
		0EB3BDC318194C9F00E59009 /* Controllers */ = {
			isa = PBXGroup;
			children = (
				0EC170EA180F534C007F501B /* ViewController.h */,
				0EC170EB180F534D007F501B /* ViewController.m */,
			);
			name = Controllers;
			sourceTree = "<group>";
		};
		0EB3BDC418194CBC00E59009 /* Networking */ = {
			isa = PBXGroup;
			children = (
				0E18C14A181141FD00E0DC5E /* OpenWeatherAPIManager.h */,
				0E18C14B181141FD00E0DC5E /* OpenWeatherAPIManager.m */,
			);
			name = Networking;
			sourceTree = "<group>";
		};
		0EC170C6180F534C007F501B = {
			isa = PBXGroup;
			children = (
				0EC170D8180F534C007F501B /* Weathr */,
				0EC170FA180F534D007F501B /* WeathrTests */,
				0E456A6D181BF0FB009BA645 /* Libraries */,
				0EC170D1180F534C007F501B /* Frameworks */,
				0EC170D0180F534C007F501B /* Products */,
				0E0EBC11181BCA29000FA42A /* Debug.xcconfig */,
			);
			sourceTree = "<group>";
		};
		0EC170D0180F534C007F501B /* Products */ = {
			isa = PBXGroup;
			children = (
				0EC170CF180F534C007F501B /* Weathr.app */,
				0EC170F3180F534D007F501B /* WeathrTests.xctest */,
			);
			name = Products;
			sourceTree = "<group>";
		};
		0EC170D1180F534C007F501B /* Frameworks */ = {
			isa = PBXGroup;
			children = (
				0EEBAA37181031BC0034A739 /* CoreLocation.framework */,
				0EC170D2180F534C007F501B /* Foundation.framework */,
				0EC170D4180F534C007F501B /* CoreGraphics.framework */,
				0EC170D6180F534C007F501B /* UIKit.framework */,
				0EC170F4180F534D007F501B /* XCTest.framework */,
			);
			name = Frameworks;
			sourceTree = "<group>";
		};
		0EC170D8180F534C007F501B /* Weathr */ = {
			isa = PBXGroup;
			children = (
				0EC170E1180F534C007F501B /* AppDelegate.h */,
				0EC170E2180F534C007F501B /* AppDelegate.m */,
				0EB3BDC318194C9F00E59009 /* Controllers */,
				0EB3BDC118194C6500E59009 /* Models */,
				0EB3BDC218194C8300E59009 /* Views */,
				0EB3BDC418194CBC00E59009 /* Networking */,
				0EC170ED180F534D007F501B /* Images.xcassets */,
				0EC170D9180F534C007F501B /* Supporting Files */,
			);
			path = Weathr;
			sourceTree = "<group>";
		};
		0EC170D9180F534C007F501B /* Supporting Files */ = {
			isa = PBXGroup;
			children = (
				0EC170DA180F534C007F501B /* Weathr-Info.plist */,
				0EC170DB180F534C007F501B /* InfoPlist.strings */,
				0EC170DE180F534C007F501B /* main.m */,
				0EC170E0180F534C007F501B /* Weathr-Prefix.pch */,
			);
			name = "Supporting Files";
			sourceTree = "<group>";
		};
		0EC170FA180F534D007F501B /* WeathrTests */ = {
			isa = PBXGroup;
			children = (
				0ED9CC1D1813E961007F2ABD /* Stubs */,
				0EEBAA30181008270034A739 /* Categories */,
				0EAB68AE1815EC960042B7F6 /* Inspectable Subclasses */,
				0EB3BDC01819030400E59009 /* Mocks */,
				0EC17100180F534D007F501B /* ViewControllerTests.m */,
				0E0EBC0F181BC86A000FA42A /* GcovTestObserver.m */,
				0EEBAA35181011750034A739 /* WeatherModelTests.m */,
				0E18C1481811410A00E0DC5E /* OpenWeatherAPIManagerTests.m */,
				0EC4E4761816A936002A446B /* WeatherDescriptionBuilderTests.m */,
				0EC170FB180F534D007F501B /* Supporting Files */,
			);
			path = WeathrTests;
			sourceTree = "<group>";
		};
		0EC170FB180F534D007F501B /* Supporting Files */ = {
			isa = PBXGroup;
			children = (
				0EC170FC180F534D007F501B /* WeathrTests-Info.plist */,
				0EC170FD180F534D007F501B /* InfoPlist.strings */,
			);
			name = "Supporting Files";
			sourceTree = "<group>";
		};
		0ED9CC1D1813E961007F2ABD /* Stubs */ = {
			isa = PBXGroup;
			children = (
				0ED9CC1E1813E9DA007F2ABD /* WeatherModelStubs.h */,
				0ED9CC1F1813E9DA007F2ABD /* WeatherModelStubs.m */,
			);
			name = Stubs;
			sourceTree = "<group>";
		};
		0EEBAA30181008270034A739 /* Categories */ = {
			isa = PBXGroup;
			children = (
				0EEBAA2D181007D60034A739 /* ViewController+PrivateMethods.h */,
				0EAB68AB1815EC130042B7F6 /* OpenWeatherAPIManager+PrivateMethods.h */,
				0EAB68B11815F2130042B7F6 /* WeatherModel+PrivateMethods.h */,
				0EC4E4781816AE8D002A446B /* WeatherDescriptionBuilder+PrivateMethods.h */,
			);
			name = Categories;
			sourceTree = "<group>";
		};
/* End PBXGroup section */

/* Begin PBXNativeTarget section */
		0EC170CE180F534C007F501B /* Weathr */ = {
			isa = PBXNativeTarget;
			buildConfigurationList = 0EC17104180F534D007F501B /* Build configuration list for PBXNativeTarget "Weathr" */;
			buildPhases = (
				0EC170CB180F534C007F501B /* Sources */,
				0EC170CC180F534C007F501B /* Frameworks */,
				0EC170CD180F534C007F501B /* Resources */,
			);
			buildRules = (
			);
			dependencies = (
			);
			name = Weathr;
			productName = Weathr;
			productReference = 0EC170CF180F534C007F501B /* Weathr.app */;
			productType = "com.apple.product-type.application";
		};
		0EC170F2180F534D007F501B /* WeathrTests */ = {
			isa = PBXNativeTarget;
			buildConfigurationList = 0EC17107180F534D007F501B /* Build configuration list for PBXNativeTarget "WeathrTests" */;
			buildPhases = (
				0EC170EF180F534D007F501B /* Sources */,
				0EC170F0180F534D007F501B /* Frameworks */,
				0EC170F1180F534D007F501B /* Resources */,
			);
			buildRules = (
			);
			dependencies = (
				0EC170F9180F534D007F501B /* PBXTargetDependency */,
			);
			name = WeathrTests;
			productName = WeathrTests;
			productReference = 0EC170F3180F534D007F501B /* WeathrTests.xctest */;
			productType = "com.apple.product-type.bundle.unit-test";
		};
/* End PBXNativeTarget section */

/* Begin PBXProject section */
		0EC170C7180F534C007F501B /* Project object */ = {
			isa = PBXProject;
			attributes = {
				LastUpgradeCheck = 0500;
				ORGANIZATIONNAME = "Paul Williamson";
				TargetAttributes = {
					0EC170F2180F534D007F501B = {
						TestTargetID = 0EC170CE180F534C007F501B;
					};
				};
			};
			buildConfigurationList = 0EC170CA180F534C007F501B /* Build configuration list for PBXProject "Weathr" */;
			compatibilityVersion = "Xcode 3.2";
			developmentRegion = English;
			hasScannedForEncodings = 0;
			knownRegions = (
				en,
				Base,
			);
			mainGroup = 0EC170C6180F534C007F501B;
			productRefGroup = 0EC170D0180F534C007F501B /* Products */;
			projectDirPath = "";
			projectRoot = "";
			targets = (
				0EC170CE180F534C007F501B /* Weathr */,
				0EC170F2180F534D007F501B /* WeathrTests */,
			);
		};
/* End PBXProject section */

/* Begin PBXResourcesBuildPhase section */
		0EC170CD180F534C007F501B /* Resources */ = {
			isa = PBXResourcesBuildPhase;
			buildActionMask = 2147483647;
			files = (
				0EC170E9180F534C007F501B /* Main_iPad.storyboard in Resources */,
				0EC170EE180F534D007F501B /* Images.xcassets in Resources */,
				0EC170E6180F534C007F501B /* Main_iPhone.storyboard in Resources */,
				0EC170DD180F534C007F501B /* InfoPlist.strings in Resources */,
			);
			runOnlyForDeploymentPostprocessing = 0;
		};
		0EC170F1180F534D007F501B /* Resources */ = {
			isa = PBXResourcesBuildPhase;
			buildActionMask = 2147483647;
			files = (
				0EB3BDBF181902F400E59009 /* LICENSE.txt in Resources */,
				0EC170FF180F534D007F501B /* InfoPlist.strings in Resources */,
			);
			runOnlyForDeploymentPostprocessing = 0;
		};
/* End PBXResourcesBuildPhase section */

/* Begin PBXSourcesBuildPhase section */
		0EC170CB180F534C007F501B /* Sources */ = {
			isa = PBXSourcesBuildPhase;
			buildActionMask = 2147483647;
			files = (
				0EC170EC180F534D007F501B /* ViewController.m in Sources */,
				0EC170E3180F534C007F501B /* AppDelegate.m in Sources */,
				0EEBAA331810115F0034A739 /* WeatherModel.m in Sources */,
				0EC4E47418169644002A446B /* WeatherDescriptionBuilder.m in Sources */,
				0EC170DF180F534C007F501B /* main.m in Sources */,
				0E18C14C181141FD00E0DC5E /* OpenWeatherAPIManager.m in Sources */,
			);
			runOnlyForDeploymentPostprocessing = 0;
		};
		0EC170EF180F534D007F501B /* Sources */ = {
			isa = PBXSourcesBuildPhase;
			buildActionMask = 2147483647;
			files = (
				0EEBAA341810115F0034A739 /* WeatherModel.m in Sources */,
				0E7D77101812AF4C0081474A /* InspectableOpenWeatherAPIManager.m in Sources */,
				0EC4E4771816A936002A446B /* WeatherDescriptionBuilderTests.m in Sources */,
				0EB3BDBD181902F400E59009 /* JMRMockAlertView.m in Sources */,
				0E0EBC10181BC86A000FA42A /* GcovTestObserver.m in Sources */,
				0ED9CC201813E9DA007F2ABD /* WeatherModelStubs.m in Sources */,
				0E18C1491811410A00E0DC5E /* OpenWeatherAPIManagerTests.m in Sources */,
				0EEBAA36181011750034A739 /* WeatherModelTests.m in Sources */,
				0EB3BDBE181902F400E59009 /* JMRMockAlertViewVerifier.m in Sources */,
				0EC17101180F534D007F501B /* ViewControllerTests.m in Sources */,
				0EC4E47518169644002A446B /* WeatherDescriptionBuilder.m in Sources */,
			);
			runOnlyForDeploymentPostprocessing = 0;
		};
/* End PBXSourcesBuildPhase section */

/* Begin PBXTargetDependency section */
		0EC170F9180F534D007F501B /* PBXTargetDependency */ = {
			isa = PBXTargetDependency;
			target = 0EC170CE180F534C007F501B /* Weathr */;
			targetProxy = 0EC170F8180F534D007F501B /* PBXContainerItemProxy */;
		};
/* End PBXTargetDependency section */

/* Begin PBXVariantGroup section */
		0EC170DB180F534C007F501B /* InfoPlist.strings */ = {
			isa = PBXVariantGroup;
			children = (
				0EC170DC180F534C007F501B /* en */,
			);
			name = InfoPlist.strings;
			sourceTree = "<group>";
		};
		0EC170E4180F534C007F501B /* Main_iPhone.storyboard */ = {
			isa = PBXVariantGroup;
			children = (
				0EC170E5180F534C007F501B /* Base */,
			);
			name = Main_iPhone.storyboard;
			sourceTree = "<group>";
		};
		0EC170E7180F534C007F501B /* Main_iPad.storyboard */ = {
			isa = PBXVariantGroup;
			children = (
				0EC170E8180F534C007F501B /* Base */,
			);
			name = Main_iPad.storyboard;
			sourceTree = "<group>";
		};
		0EC170FD180F534D007F501B /* InfoPlist.strings */ = {
			isa = PBXVariantGroup;
			children = (
				0EC170FE180F534D007F501B /* en */,
			);
			name = InfoPlist.strings;
			sourceTree = "<group>";
		};
/* End PBXVariantGroup section */

/* Begin XCBuildConfiguration section */
		0EC17102180F534D007F501B /* Debug */ = {
			isa = XCBuildConfiguration;
			baseConfigurationReference = 0E0EBC11181BCA29000FA42A /* Debug.xcconfig */;
			buildSettings = {
				ALWAYS_SEARCH_USER_PATHS = NO;
				ARCHS = "$(ARCHS_STANDARD_INCLUDING_64_BIT)";
				CLANG_CXX_LANGUAGE_STANDARD = "gnu++0x";
				CLANG_CXX_LIBRARY = "libc++";
				CLANG_ENABLE_MODULES = YES;
				CLANG_ENABLE_OBJC_ARC = YES;
				CLANG_WARN_BOOL_CONVERSION = YES;
				CLANG_WARN_CONSTANT_CONVERSION = YES;
				CLANG_WARN_DIRECT_OBJC_ISA_USAGE = YES_ERROR;
				CLANG_WARN_EMPTY_BODY = YES;
				CLANG_WARN_ENUM_CONVERSION = YES;
				CLANG_WARN_INT_CONVERSION = YES;
				CLANG_WARN_OBJC_ROOT_CLASS = YES_ERROR;
				CLANG_WARN__DUPLICATE_METHOD_MATCH = YES;
				"CODE_SIGN_IDENTITY[sdk=iphoneos*]" = "iPhone Developer";
				COPY_PHASE_STRIP = NO;
				GCC_C_LANGUAGE_STANDARD = gnu99;
				GCC_DYNAMIC_NO_PIC = NO;
				GCC_OPTIMIZATION_LEVEL = 0;
				GCC_PREPROCESSOR_DEFINITIONS = (
					"DEBUG=1",
					"$(inherited)",
				);
				GCC_SYMBOLS_PRIVATE_EXTERN = NO;
				GCC_WARN_64_TO_32_BIT_CONVERSION = YES;
				GCC_WARN_ABOUT_RETURN_TYPE = YES_ERROR;
				GCC_WARN_UNDECLARED_SELECTOR = YES;
				GCC_WARN_UNINITIALIZED_AUTOS = YES;
				GCC_WARN_UNUSED_FUNCTION = YES;
				GCC_WARN_UNUSED_VARIABLE = YES;
				IPHONEOS_DEPLOYMENT_TARGET = 7.0;
				ONLY_ACTIVE_ARCH = YES;
				SDKROOT = iphoneos;
				TARGETED_DEVICE_FAMILY = "1,2";
			};
			name = Debug;
		};
		0EC17103180F534D007F501B /* Release */ = {
			isa = XCBuildConfiguration;
			buildSettings = {
				ALWAYS_SEARCH_USER_PATHS = NO;
				ARCHS = "$(ARCHS_STANDARD_INCLUDING_64_BIT)";
				CLANG_CXX_LANGUAGE_STANDARD = "gnu++0x";
				CLANG_CXX_LIBRARY = "libc++";
				CLANG_ENABLE_MODULES = YES;
				CLANG_ENABLE_OBJC_ARC = YES;
				CLANG_WARN_BOOL_CONVERSION = YES;
				CLANG_WARN_CONSTANT_CONVERSION = YES;
				CLANG_WARN_DIRECT_OBJC_ISA_USAGE = YES_ERROR;
				CLANG_WARN_EMPTY_BODY = YES;
				CLANG_WARN_ENUM_CONVERSION = YES;
				CLANG_WARN_INT_CONVERSION = YES;
				CLANG_WARN_OBJC_ROOT_CLASS = YES_ERROR;
				CLANG_WARN__DUPLICATE_METHOD_MATCH = YES;
				"CODE_SIGN_IDENTITY[sdk=iphoneos*]" = "iPhone Developer";
				COPY_PHASE_STRIP = YES;
				ENABLE_NS_ASSERTIONS = NO;
				GCC_C_LANGUAGE_STANDARD = gnu99;
				GCC_WARN_64_TO_32_BIT_CONVERSION = YES;
				GCC_WARN_ABOUT_RETURN_TYPE = YES_ERROR;
				GCC_WARN_UNDECLARED_SELECTOR = YES;
				GCC_WARN_UNINITIALIZED_AUTOS = YES;
				GCC_WARN_UNUSED_FUNCTION = YES;
				GCC_WARN_UNUSED_VARIABLE = YES;
				IPHONEOS_DEPLOYMENT_TARGET = 7.0;
				SDKROOT = iphoneos;
				TARGETED_DEVICE_FAMILY = "1,2";
				VALIDATE_PRODUCT = YES;
			};
			name = Release;
		};
		0EC17105180F534D007F501B /* Debug */ = {
			isa = XCBuildConfiguration;
			buildSettings = {
				ASSETCATALOG_COMPILER_APPICON_NAME = AppIcon;
				ASSETCATALOG_COMPILER_LAUNCHIMAGE_NAME = LaunchImage;
				GCC_PRECOMPILE_PREFIX_HEADER = YES;
				GCC_PREFIX_HEADER = "Weathr/Weathr-Prefix.pch";
				INFOPLIST_FILE = "Weathr/Weathr-Info.plist";
				PRODUCT_NAME = "$(TARGET_NAME)";
				WRAPPER_EXTENSION = app;
			};
			name = Debug;
		};
		0EC17106180F534D007F501B /* Release */ = {
			isa = XCBuildConfiguration;
			buildSettings = {
				ASSETCATALOG_COMPILER_APPICON_NAME = AppIcon;
				ASSETCATALOG_COMPILER_LAUNCHIMAGE_NAME = LaunchImage;
				GCC_PRECOMPILE_PREFIX_HEADER = YES;
				GCC_PREFIX_HEADER = "Weathr/Weathr-Prefix.pch";
				INFOPLIST_FILE = "Weathr/Weathr-Info.plist";
				PRODUCT_NAME = "$(TARGET_NAME)";
				WRAPPER_EXTENSION = app;
			};
			name = Release;
		};
		0EC17108180F534D007F501B /* Debug */ = {
			isa = XCBuildConfiguration;
			buildSettings = {
				ARCHS = "$(ARCHS_STANDARD_INCLUDING_64_BIT)";
				BUNDLE_LOADER = "$(BUILT_PRODUCTS_DIR)/Weathr.app/Weathr";
				FRAMEWORK_SEARCH_PATHS = (
					"$(SDKROOT)/Developer/Library/Frameworks",
					"$(inherited)",
					"$(DEVELOPER_FRAMEWORKS_DIR)",
				);
				GCC_PRECOMPILE_PREFIX_HEADER = YES;
				GCC_PREFIX_HEADER = "Weathr/Weathr-Prefix.pch";
				GCC_PREPROCESSOR_DEFINITIONS = (
					"DEBUG=1",
					"$(inherited)",
				);
				HEADER_SEARCH_PATHS = (
					"$(inherited)",
					/Applications/Xcode.app/Contents/Developer/Toolchains/XcodeDefault.xctoolchain/usr/include,
					"\"$(SRCROOT)/usr/include\"",
				);
				INFOPLIST_FILE = "WeathrTests/WeathrTests-Info.plist";
				LIBRARY_SEARCH_PATHS = (
					"$(inherited)",
					/Users/pi/Desktop/Weathr/usr/lib,
				);
				OTHER_LDFLAGS = (
					"$(inherited)",
					"-framework",
					XCTest,
					"-force_load",
					"\"$(SRCROOT)/usr/lib/libOCMock.a\"",
					"-ObjC",
				);
				PRODUCT_NAME = "$(TARGET_NAME)";
				TEST_HOST = "$(BUNDLE_LOADER)";
				WRAPPER_EXTENSION = xctest;
			};
			name = Debug;
		};
		0EC17109180F534D007F501B /* Release */ = {
			isa = XCBuildConfiguration;
			buildSettings = {
				ARCHS = "$(ARCHS_STANDARD_INCLUDING_64_BIT)";
				BUNDLE_LOADER = "$(BUILT_PRODUCTS_DIR)/Weathr.app/Weathr";
				FRAMEWORK_SEARCH_PATHS = (
					"$(SDKROOT)/Developer/Library/Frameworks",
					"$(inherited)",
					"$(DEVELOPER_FRAMEWORKS_DIR)",
				);
				GCC_PRECOMPILE_PREFIX_HEADER = YES;
				GCC_PREFIX_HEADER = "Weathr/Weathr-Prefix.pch";
				HEADER_SEARCH_PATHS = (
					"$(inherited)",
					/Applications/Xcode.app/Contents/Developer/Toolchains/XcodeDefault.xctoolchain/usr/include,
					"\"$(SRCROOT)/usr/include\"",
				);
				INFOPLIST_FILE = "WeathrTests/WeathrTests-Info.plist";
				LIBRARY_SEARCH_PATHS = (
					"$(inherited)",
					/Users/pi/Desktop/Weathr/usr/lib,
				);
				OTHER_LDFLAGS = (
					"$(inherited)",
					"-framework",
					XCTest,
					"-force_load",
					"\"$(SRCROOT)/usr/lib/libOCMock.a\"",
					"-ObjC",
				);
				PRODUCT_NAME = "$(TARGET_NAME)";
				TEST_HOST = "$(BUNDLE_LOADER)";
				WRAPPER_EXTENSION = xctest;
			};
			name = Release;
		};
/* End XCBuildConfiguration section */

/* Begin XCConfigurationList section */
		0EC170CA180F534C007F501B /* Build configuration list for PBXProject "Weathr" */ = {
			isa = XCConfigurationList;
			buildConfigurations = (
				0EC17102180F534D007F501B /* Debug */,
				0EC17103180F534D007F501B /* Release */,
			);
			defaultConfigurationIsVisible = 0;
			defaultConfigurationName = Release;
		};
		0EC17104180F534D007F501B /* Build configuration list for PBXNativeTarget "Weathr" */ = {
			isa = XCConfigurationList;
			buildConfigurations = (
				0EC17105180F534D007F501B /* Debug */,
				0EC17106180F534D007F501B /* Release */,
			);
			defaultConfigurationIsVisible = 0;
			defaultConfigurationName = Release;
		};
		0EC17107180F534D007F501B /* Build configuration list for PBXNativeTarget "WeathrTests" */ = {
			isa = XCConfigurationList;
			buildConfigurations = (
				0EC17108180F534D007F501B /* Debug */,
				0EC17109180F534D007F501B /* Release */,
			);
			defaultConfigurationIsVisible = 0;
			defaultConfigurationName = Release;
		};
/* End XCConfigurationList section */
	};
	rootObject = 0EC170C7180F534C007F501B /* Project object */;
}
